// !$*UTF8*$!
{
	archiveVersion = 1;
	classes = {
	};
	objectVersion = 46;
	objects = {

/* Begin PBXBuildFile section */
		BFBB3A931A68E19700EC371B /* main.m in Sources */ = {isa = PBXBuildFile; fileRef = BFBB3A921A68E19700EC371B /* main.m */; };
		BFBB3A961A68E19700EC371B /* AppDelegate.m in Sources */ = {isa = PBXBuildFile; fileRef = BFBB3A951A68E19700EC371B /* AppDelegate.m */; };
		BFBB3A991A68E19700EC371B /* ViewController.m in Sources */ = {isa = PBXBuildFile; fileRef = BFBB3A981A68E19700EC371B /* ViewController.m */; };
		BFBB3A9C1A68E19700EC371B /* Main.storyboard in Resources */ = {isa = PBXBuildFile; fileRef = BFBB3A9A1A68E19700EC371B /* Main.storyboard */; };
		BFBB3A9E1A68E19700EC371B /* Images.xcassets in Resources */ = {isa = PBXBuildFile; fileRef = BFBB3A9D1A68E19700EC371B /* Images.xcassets */; };
		BFBB3AA11A68E19700EC371B /* LaunchScreen.xib in Resources */ = {isa = PBXBuildFile; fileRef = BFBB3A9F1A68E19700EC371B /* LaunchScreen.xib */; };
		BFBB3AAD1A68E19700EC371B /* PIXSelectDistrictTests.m in Sources */ = {isa = PBXBuildFile; fileRef = BFBB3AAC1A68E19700EC371B /* PIXSelectDistrictTests.m */; };
		BFBB3ABC1A68E1B300EC371B /* AllCounties.plist in Resources */ = {isa = PBXBuildFile; fileRef = BFBB3AB71A68E1B300EC371B /* AllCounties.plist */; };
		BFBB3ABD1A68E1B300EC371B /* DistrictsInCounty.plist in Resources */ = {isa = PBXBuildFile; fileRef = BFBB3AB81A68E1B300EC371B /* DistrictsInCounty.plist */; };
		BFBB3ABE1A68E1B300EC371B /* PIXSelectDistrict.m in Sources */ = {isa = PBXBuildFile; fileRef = BFBB3ABA1A68E1B300EC371B /* PIXSelectDistrict.m */; };
		BFBB3ABF1A68E1B300EC371B /* ZIPCode.plist in Resources */ = {isa = PBXBuildFile; fileRef = BFBB3ABB1A68E1B300EC371B /* ZIPCode.plist */; };
/* End PBXBuildFile section */

/* Begin PBXContainerItemProxy section */
		BFBB3AA71A68E19700EC371B /* PBXContainerItemProxy */ = {
			isa = PBXContainerItemProxy;
			containerPortal = BFBB3A851A68E19600EC371B /* Project object */;
			proxyType = 1;
			remoteGlobalIDString = BFBB3A8C1A68E19700EC371B;
			remoteInfo = PIXSelectDistrict;
		};
/* End PBXContainerItemProxy section */

/* Begin PBXFileReference section */
		BFBB3A8D1A68E19700EC371B /* PIXSelectDistrict.app */ = {isa = PBXFileReference; explicitFileType = wrapper.application; includeInIndex = 0; path = PIXSelectDistrict.app; sourceTree = BUILT_PRODUCTS_DIR; };
		BFBB3A911A68E19700EC371B /* Info.plist */ = {isa = PBXFileReference; lastKnownFileType = text.plist.xml; path = Info.plist; sourceTree = "<group>"; };
		BFBB3A921A68E19700EC371B /* main.m */ = {isa = PBXFileReference; lastKnownFileType = sourcecode.c.objc; path = main.m; sourceTree = "<group>"; };
		BFBB3A941A68E19700EC371B /* AppDelegate.h */ = {isa = PBXFileReference; lastKnownFileType = sourcecode.c.h; path = AppDelegate.h; sourceTree = "<group>"; };
		BFBB3A951A68E19700EC371B /* AppDelegate.m */ = {isa = PBXFileReference; lastKnownFileType = sourcecode.c.objc; path = AppDelegate.m; sourceTree = "<group>"; };
		BFBB3A971A68E19700EC371B /* ViewController.h */ = {isa = PBXFileReference; lastKnownFileType = sourcecode.c.h; path = ViewController.h; sourceTree = "<group>"; };
		BFBB3A981A68E19700EC371B /* ViewController.m */ = {isa = PBXFileReference; lastKnownFileType = sourcecode.c.objc; path = ViewController.m; sourceTree = "<group>"; };
		BFBB3A9B1A68E19700EC371B /* Base */ = {isa = PBXFileReference; lastKnownFileType = file.storyboard; name = Base; path = Base.lproj/Main.storyboard; sourceTree = "<group>"; };
		BFBB3A9D1A68E19700EC371B /* Images.xcassets */ = {isa = PBXFileReference; lastKnownFileType = folder.assetcatalog; path = Images.xcassets; sourceTree = "<group>"; };
		BFBB3AA01A68E19700EC371B /* Base */ = {isa = PBXFileReference; lastKnownFileType = file.xib; name = Base; path = Base.lproj/LaunchScreen.xib; sourceTree = "<group>"; };
		BFBB3AA61A68E19700EC371B /* PIXSelectDistrictTests.xctest */ = {isa = PBXFileReference; explicitFileType = wrapper.cfbundle; includeInIndex = 0; path = PIXSelectDistrictTests.xctest; sourceTree = BUILT_PRODUCTS_DIR; };
		BFBB3AAB1A68E19700EC371B /* Info.plist */ = {isa = PBXFileReference; lastKnownFileType = text.plist.xml; path = Info.plist; sourceTree = "<group>"; };
		BFBB3AAC1A68E19700EC371B /* PIXSelectDistrictTests.m */ = {isa = PBXFileReference; lastKnownFileType = sourcecode.c.objc; path = PIXSelectDistrictTests.m; sourceTree = "<group>"; };
		BFBB3AB71A68E1B300EC371B /* AllCounties.plist */ = {isa = PBXFileReference; fileEncoding = 4; lastKnownFileType = text.plist.xml; path = AllCounties.plist; sourceTree = "<group>"; };
		BFBB3AB81A68E1B300EC371B /* DistrictsInCounty.plist */ = {isa = PBXFileReference; fileEncoding = 4; lastKnownFileType = text.plist.xml; path = DistrictsInCounty.plist; sourceTree = "<group>"; };
		BFBB3AB91A68E1B300EC371B /* PIXSelectDistrict.h */ = {isa = PBXFileReference; fileEncoding = 4; lastKnownFileType = sourcecode.c.h; path = PIXSelectDistrict.h; sourceTree = "<group>"; };
		BFBB3ABA1A68E1B300EC371B /* PIXSelectDistrict.m */ = {isa = PBXFileReference; fileEncoding = 4; lastKnownFileType = sourcecode.c.objc; path = PIXSelectDistrict.m; sourceTree = "<group>"; };
		BFBB3ABB1A68E1B300EC371B /* ZIPCode.plist */ = {isa = PBXFileReference; fileEncoding = 4; lastKnownFileType = text.plist.xml; path = ZIPCode.plist; sourceTree = "<group>"; };
/* End PBXFileReference section */

/* Begin PBXFrameworksBuildPhase section */
		BFBB3A8A1A68E19700EC371B /* Frameworks */ = {
			isa = PBXFrameworksBuildPhase;
			buildActionMask = 2147483647;
			files = (
			);
			runOnlyForDeploymentPostprocessing = 0;
		};
		BFBB3AA31A68E19700EC371B /* Frameworks */ = {
			isa = PBXFrameworksBuildPhase;
			buildActionMask = 2147483647;
			files = (
			);
			runOnlyForDeploymentPostprocessing = 0;
		};
/* End PBXFrameworksBuildPhase section */

/* Begin PBXGroup section */
		BFBB3A841A68E19600EC371B = {
			isa = PBXGroup;
			children = (
				BFBB3A8F1A68E19700EC371B /* PIXSelectDistrict */,
				BFBB3AA91A68E19700EC371B /* PIXSelectDistrictTests */,
				BFBB3A8E1A68E19700EC371B /* Products */,
			);
			sourceTree = "<group>";
		};
		BFBB3A8E1A68E19700EC371B /* Products */ = {
			isa = PBXGroup;
			children = (
				BFBB3A8D1A68E19700EC371B /* PIXSelectDistrict.app */,
				BFBB3AA61A68E19700EC371B /* PIXSelectDistrictTests.xctest */,
			);
			name = Products;
			sourceTree = "<group>";
		};
		BFBB3A8F1A68E19700EC371B /* PIXSelectDistrict */ = {
			isa = PBXGroup;
			children = (
				BFBB3A941A68E19700EC371B /* AppDelegate.h */,
				BFBB3A951A68E19700EC371B /* AppDelegate.m */,
				BFBB3A971A68E19700EC371B /* ViewController.h */,
				BFBB3A981A68E19700EC371B /* ViewController.m */,
				BFBB3A9A1A68E19700EC371B /* Main.storyboard */,
				BFBB3A9D1A68E19700EC371B /* Images.xcassets */,
				BFBB3A9F1A68E19700EC371B /* LaunchScreen.xib */,
				BFBB3AB61A68E1B300EC371B /* LocalData */,
				BFBB3A901A68E19700EC371B /* Supporting Files */,
			);
			path = PIXSelectDistrict;
			sourceTree = "<group>";
		};
		BFBB3A901A68E19700EC371B /* Supporting Files */ = {
			isa = PBXGroup;
			children = (
				BFBB3A911A68E19700EC371B /* Info.plist */,
				BFBB3A921A68E19700EC371B /* main.m */,
			);
			name = "Supporting Files";
			sourceTree = "<group>";
		};
		BFBB3AA91A68E19700EC371B /* PIXSelectDistrictTests */ = {
			isa = PBXGroup;
			children = (
				BFBB3AAC1A68E19700EC371B /* PIXSelectDistrictTests.m */,
				BFBB3AAA1A68E19700EC371B /* Supporting Files */,
			);
			path = PIXSelectDistrictTests;
			sourceTree = "<group>";
		};
		BFBB3AAA1A68E19700EC371B /* Supporting Files */ = {
			isa = PBXGroup;
			children = (
				BFBB3AAB1A68E19700EC371B /* Info.plist */,
			);
			name = "Supporting Files";
			sourceTree = "<group>";
		};
		BFBB3AB61A68E1B300EC371B /* LocalData */ = {
			isa = PBXGroup;
			children = (
				BFBB3AB71A68E1B300EC371B /* AllCounties.plist */,
				BFBB3AB81A68E1B300EC371B /* DistrictsInCounty.plist */,
				BFBB3AB91A68E1B300EC371B /* PIXSelectDistrict.h */,
				BFBB3ABA1A68E1B300EC371B /* PIXSelectDistrict.m */,
				BFBB3ABB1A68E1B300EC371B /* ZIPCode.plist */,
			);
			path = LocalData;
			sourceTree = "<group>";
		};
/* End PBXGroup section */

/* Begin PBXNativeTarget section */
		BFBB3A8C1A68E19700EC371B /* PIXSelectDistrict */ = {
			isa = PBXNativeTarget;
			buildConfigurationList = BFBB3AB01A68E19700EC371B /* Build configuration list for PBXNativeTarget "PIXSelectDistrict" */;
			buildPhases = (
				BFBB3A891A68E19700EC371B /* Sources */,
				BFBB3A8A1A68E19700EC371B /* Frameworks */,
				BFBB3A8B1A68E19700EC371B /* Resources */,
			);
			buildRules = (
			);
			dependencies = (
			);
			name = PIXSelectDistrict;
			productName = PIXSelectDistrict;
			productReference = BFBB3A8D1A68E19700EC371B /* PIXSelectDistrict.app */;
			productType = "com.apple.product-type.application";
		};
		BFBB3AA51A68E19700EC371B /* PIXSelectDistrictTests */ = {
			isa = PBXNativeTarget;
			buildConfigurationList = BFBB3AB31A68E19700EC371B /* Build configuration list for PBXNativeTarget "PIXSelectDistrictTests" */;
			buildPhases = (
				BFBB3AA21A68E19700EC371B /* Sources */,
				BFBB3AA31A68E19700EC371B /* Frameworks */,
				BFBB3AA41A68E19700EC371B /* Resources */,
			);
			buildRules = (
			);
			dependencies = (
				BFBB3AA81A68E19700EC371B /* PBXTargetDependency */,
			);
			name = PIXSelectDistrictTests;
			productName = PIXSelectDistrictTests;
			productReference = BFBB3AA61A68E19700EC371B /* PIXSelectDistrictTests.xctest */;
			productType = "com.apple.product-type.bundle.unit-test";
		};
/* End PBXNativeTarget section */

/* Begin PBXProject section */
		BFBB3A851A68E19600EC371B /* Project object */ = {
			isa = PBXProject;
			attributes = {
				LastUpgradeCheck = 0610;
				ORGANIZATIONNAME = shadow;
				TargetAttributes = {
					BFBB3A8C1A68E19700EC371B = {
						CreatedOnToolsVersion = 6.1.1;
					};
					BFBB3AA51A68E19700EC371B = {
						CreatedOnToolsVersion = 6.1.1;
						TestTargetID = BFBB3A8C1A68E19700EC371B;
					};
				};
			};
			buildConfigurationList = BFBB3A881A68E19600EC371B /* Build configuration list for PBXProject "PIXSelectDistrict" */;
			compatibilityVersion = "Xcode 3.2";
			developmentRegion = English;
			hasScannedForEncodings = 0;
			knownRegions = (
				en,
				Base,
			);
			mainGroup = BFBB3A841A68E19600EC371B;
			productRefGroup = BFBB3A8E1A68E19700EC371B /* Products */;
			projectDirPath = "";
			projectRoot = "";
			targets = (
				BFBB3A8C1A68E19700EC371B /* PIXSelectDistrict */,
				BFBB3AA51A68E19700EC371B /* PIXSelectDistrictTests */,
			);
		};
/* End PBXProject section */

/* Begin PBXResourcesBuildPhase section */
		BFBB3A8B1A68E19700EC371B /* Resources */ = {
			isa = PBXResourcesBuildPhase;
			buildActionMask = 2147483647;
			files = (
				BFBB3A9C1A68E19700EC371B /* Main.storyboard in Resources */,
				BFBB3AA11A68E19700EC371B /* LaunchScreen.xib in Resources */,
				BFBB3ABC1A68E1B300EC371B /* AllCounties.plist in Resources */,
				BFBB3ABD1A68E1B300EC371B /* DistrictsInCounty.plist in Resources */,
				BFBB3A9E1A68E19700EC371B /* Images.xcassets in Resources */,
				BFBB3ABF1A68E1B300EC371B /* ZIPCode.plist in Resources */,
			);
			runOnlyForDeploymentPostprocessing = 0;
		};
		BFBB3AA41A68E19700EC371B /* Resources */ = {
			isa = PBXResourcesBuildPhase;
			buildActionMask = 2147483647;
			files = (
			);
			runOnlyForDeploymentPostprocessing = 0;
		};
/* End PBXResourcesBuildPhase section */

/* Begin PBXSourcesBuildPhase section */
		BFBB3A891A68E19700EC371B /* Sources */ = {
			isa = PBXSourcesBuildPhase;
			buildActionMask = 2147483647;
			files = (
				BFBB3A991A68E19700EC371B /* ViewController.m in Sources */,
				BFBB3ABE1A68E1B300EC371B /* PIXSelectDistrict.m in Sources */,
				BFBB3A961A68E19700EC371B /* AppDelegate.m in Sources */,
				BFBB3A931A68E19700EC371B /* main.m in Sources */,
			);
			runOnlyForDeploymentPostprocessing = 0;
		};
		BFBB3AA21A68E19700EC371B /* Sources */ = {
			isa = PBXSourcesBuildPhase;
			buildActionMask = 2147483647;
			files = (
				BFBB3AAD1A68E19700EC371B /* PIXSelectDistrictTests.m in Sources */,
			);
			runOnlyForDeploymentPostprocessing = 0;
		};
/* End PBXSourcesBuildPhase section */

/* Begin PBXTargetDependency section */
		BFBB3AA81A68E19700EC371B /* PBXTargetDependency */ = {
			isa = PBXTargetDependency;
			target = BFBB3A8C1A68E19700EC371B /* PIXSelectDistrict */;
			targetProxy = BFBB3AA71A68E19700EC371B /* PBXContainerItemProxy */;
		};
/* End PBXTargetDependency section */

/* Begin PBXVariantGroup section */
		BFBB3A9A1A68E19700EC371B /* Main.storyboard */ = {
			isa = PBXVariantGroup;
			children = (
				BFBB3A9B1A68E19700EC371B /* Base */,
			);
			name = Main.storyboard;
			sourceTree = "<group>";
		};
		BFBB3A9F1A68E19700EC371B /* LaunchScreen.xib */ = {
			isa = PBXVariantGroup;
			children = (
				BFBB3AA01A68E19700EC371B /* Base */,
			);
			name = LaunchScreen.xib;
			sourceTree = "<group>";
		};
/* End PBXVariantGroup section */

/* Begin XCBuildConfiguration section */
		BFBB3AAE1A68E19700EC371B /* Debug */ = {
			isa = XCBuildConfiguration;
			buildSettings = {
				ALWAYS_SEARCH_USER_PATHS = NO;
				CLANG_CXX_LANGUAGE_STANDARD = "gnu++0x";
				CLANG_CXX_LIBRARY = "libc++";
				CLANG_ENABLE_MODULES = YES;
				CLANG_ENABLE_OBJC_ARC = YES;
				CLANG_WARN_BOOL_CONVERSION = YES;
				CLANG_WARN_CONSTANT_CONVERSION = YES;
				CLANG_WARN_DIRECT_OBJC_ISA_USAGE = YES_ERROR;
				CLANG_WARN_EMPTY_BODY = YES;
				CLANG_WARN_ENUM_CONVERSION = YES;
				CLANG_WARN_INT_CONVERSION = YES;
				CLANG_WARN_OBJC_ROOT_CLASS = YES_ERROR;
				CLANG_WARN_UNREACHABLE_CODE = YES;
				CLANG_WARN__DUPLICATE_METHOD_MATCH = YES;
				"CODE_SIGN_IDENTITY[sdk=iphoneos*]" = "iPhone Developer";
				COPY_PHASE_STRIP = NO;
				ENABLE_STRICT_OBJC_MSGSEND = YES;
				GCC_C_LANGUAGE_STANDARD = gnu99;
				GCC_DYNAMIC_NO_PIC = NO;
				GCC_OPTIMIZATION_LEVEL = 0;
				GCC_PREPROCESSOR_DEFINITIONS = (
					"DEBUG=1",
					"$(inherited)",
				);
				GCC_SYMBOLS_PRIVATE_EXTERN = NO;
				GCC_WARN_64_TO_32_BIT_CONVERSION = YES;
				GCC_WARN_ABOUT_RETURN_TYPE = YES_ERROR;
				GCC_WARN_UNDECLARED_SELECTOR = YES;
				GCC_WARN_UNINITIALIZED_AUTOS = YES_AGGRESSIVE;
				GCC_WARN_UNUSED_FUNCTION = YES;
				GCC_WARN_UNUSED_VARIABLE = YES;
				IPHONEOS_DEPLOYMENT_TARGET = 8.1;
				MTL_ENABLE_DEBUG_INFO = YES;
				ONLY_ACTIVE_ARCH = YES;
				SDKROOT = iphoneos;
				TARGETED_DEVICE_FAMILY = "1,2";
			};
			name = Debug;
		};
		BFBB3AAF1A68E19700EC371B /* Release */ = {
			isa = XCBuildConfiguration;
			buildSettings = {
				ALWAYS_SEARCH_USER_PATHS = NO;
				CLANG_CXX_LANGUAGE_STANDARD = "gnu++0x";
				CLANG_CXX_LIBRARY = "libc++";
				CLANG_ENABLE_MODULES = YES;
				CLANG_ENABLE_OBJC_ARC = YES;
				CLANG_WARN_BOOL_CONVERSION = YES;
				CLANG_WARN_CONSTANT_CONVERSION = YES;
				CLANG_WARN_DIRECT_OBJC_ISA_USAGE = YES_ERROR;
				CLANG_WARN_EMPTY_BODY = YES;
				CLANG_WARN_ENUM_CONVERSION = YES;
				CLANG_WARN_INT_CONVERSION = YES;
				CLANG_WARN_OBJC_ROOT_CLASS = YES_ERROR;
				CLANG_WARN_UNREACHABLE_CODE = YES;
				CLANG_WARN__DUPLICATE_METHOD_MATCH = YES;
				"CODE_SIGN_IDENTITY[sdk=iphoneos*]" = "iPhone Developer";
				COPY_PHASE_STRIP = YES;
				ENABLE_NS_ASSERTIONS = NO;
				ENABLE_STRICT_OBJC_MSGSEND = YES;
				GCC_C_LANGUAGE_STANDARD = gnu99;
				GCC_WARN_64_TO_32_BIT_CONVERSION = YES;
				GCC_WARN_ABOUT_RETURN_TYPE = YES_ERROR;
				GCC_WARN_UNDECLARED_SELECTOR = YES;
				GCC_WARN_UNINITIALIZED_AUTOS = YES_AGGRESSIVE;
				GCC_WARN_UNUSED_FUNCTION = YES;
				GCC_WARN_UNUSED_VARIABLE = YES;
				IPHONEOS_DEPLOYMENT_TARGET = 8.1;
				MTL_ENABLE_DEBUG_INFO = NO;
				SDKROOT = iphoneos;
				TARGETED_DEVICE_FAMILY = "1,2";
				VALIDATE_PRODUCT = YES;
			};
			name = Release;
		};
		BFBB3AB11A68E19700EC371B /* Debug */ = {
			isa = XCBuildConfiguration;
			buildSettings = {
				ASSETCATALOG_COMPILER_APPICON_NAME = AppIcon;
				INFOPLIST_FILE = PIXSelectDistrict/Info.plist;
				LD_RUNPATH_SEARCH_PATHS = "$(inherited) @executable_path/Frameworks";
				PRODUCT_NAME = "$(TARGET_NAME)";
			};
			name = Debug;
		};
		BFBB3AB21A68E19700EC371B /* Release */ = {
			isa = XCBuildConfiguration;
			buildSettings = {
				ASSETCATALOG_COMPILER_APPICON_NAME = AppIcon;
				INFOPLIST_FILE = PIXSelectDistrict/Info.plist;
				LD_RUNPATH_SEARCH_PATHS = "$(inherited) @executable_path/Frameworks";
				PRODUCT_NAME = "$(TARGET_NAME)";
			};
			name = Release;
		};
		BFBB3AB41A68E19700EC371B /* Debug */ = {
			isa = XCBuildConfiguration;
			buildSettings = {
				BUNDLE_LOADER = "$(TEST_HOST)";
				FRAMEWORK_SEARCH_PATHS = (
					"$(SDKROOT)/Developer/Library/Frameworks",
					"$(inherited)",
				);
				GCC_PREPROCESSOR_DEFINITIONS = (
					"DEBUG=1",
					"$(inherited)",
				);
				INFOPLIST_FILE = PIXSelectDistrictTests/Info.plist;
				LD_RUNPATH_SEARCH_PATHS = "$(inherited) @executable_path/Frameworks @loader_path/Frameworks";
				PRODUCT_NAME = "$(TARGET_NAME)";
				TEST_HOST = "$(BUILT_PRODUCTS_DIR)/PIXSelectDistrict.app/PIXSelectDistrict";
			};
			name = Debug;
		};
		BFBB3AB51A68E19700EC371B /* Release */ = {
			isa = XCBuildConfiguration;
			buildSettings = {
				BUNDLE_LOADER = "$(TEST_HOST)";
				FRAMEWORK_SEARCH_PATHS = (
					"$(SDKROOT)/Developer/Library/Frameworks",
					"$(inherited)",
				);
				INFOPLIST_FILE = PIXSelectDistrictTests/Info.plist;
				LD_RUNPATH_SEARCH_PATHS = "$(inherited) @executable_path/Frameworks @loader_path/Frameworks";
				PRODUCT_NAME = "$(TARGET_NAME)";
				TEST_HOST = "$(BUILT_PRODUCTS_DIR)/PIXSelectDistrict.app/PIXSelectDistrict";
			};
			name = Release;
		};
/* End XCBuildConfiguration section */

/* Begin XCConfigurationList section */
		BFBB3A881A68E19600EC371B /* Build configuration list for PBXProject "PIXSelectDistrict" */ = {
			isa = XCConfigurationList;
			buildConfigurations = (
				BFBB3AAE1A68E19700EC371B /* Debug */,
				BFBB3AAF1A68E19700EC371B /* Release */,
			);
			defaultConfigurationIsVisible = 0;
			defaultConfigurationName = Release;
		};
		BFBB3AB01A68E19700EC371B /* Build configuration list for PBXNativeTarget "PIXSelectDistrict" */ = {
			isa = XCConfigurationList;
			buildConfigurations = (
				BFBB3AB11A68E19700EC371B /* Debug */,
				BFBB3AB21A68E19700EC371B /* Release */,
			);
			defaultConfigurationIsVisible = 0;
		};
		BFBB3AB31A68E19700EC371B /* Build configuration list for PBXNativeTarget "PIXSelectDistrictTests" */ = {
			isa = XCConfigurationList;
			buildConfigurations = (
				BFBB3AB41A68E19700EC371B /* Debug */,
				BFBB3AB51A68E19700EC371B /* Release */,
			);
			defaultConfigurationIsVisible = 0;
		};
/* End XCConfigurationList section */
	};
	rootObject = BFBB3A851A68E19600EC371B /* Project object */;
}
